// !$*UTF8*$!
{
	archiveVersion = 1;
	classes = {
	};
	objectVersion = 46;
	objects = {

/* Begin PBXBuildFile section */
		3D2635D7169EF3E1004184E3 /* test-missing-trailing-newline.srt in Resources */ = {isa = PBXBuildFile; fileRef = 3D2635D5169EF3E1004184E3 /* test-missing-trailing-newline.srt */; };
		3D2635D8169EF3E1004184E3 /* test-newline.srt in Resources */ = {isa = PBXBuildFile; fileRef = 3D2635D6169EF3E1004184E3 /* test-newline.srt */; };
		3D263606169F21BA004184E3 /* test-malformed.srt in Resources */ = {isa = PBXBuildFile; fileRef = 3D263605169F21BA004184E3 /* test-malformed.srt */; };
		3D41819A166504CF006DC6F4 /* SenTestingKit.framework in Frameworks */ = {isa = PBXBuildFile; fileRef = 3D418199166504CF006DC6F4 /* SenTestingKit.framework */; };
		3D41819B166504CF006DC6F4 /* Cocoa.framework in Frameworks */ = {isa = PBXBuildFile; fileRef = E7237A69146112D100E22EA4 /* Cocoa.framework */; };
		3D4181A1166504CF006DC6F4 /* InfoPlist.strings in Resources */ = {isa = PBXBuildFile; fileRef = 3D41819F166504CF006DC6F4 /* InfoPlist.strings */; };
		3D4181A4166504CF006DC6F4 /* SubRipTest.m in Sources */ = {isa = PBXBuildFile; fileRef = 3D4181A3166504CF006DC6F4 /* SubRipTest.m */; };
		3D4181AE166506D3006DC6F4 /* test.srt in Resources */ = {isa = PBXBuildFile; fileRef = 3D4181AD166506D3006DC6F4 /* test.srt */; };
		3D4181AF16650C26006DC6F4 /* CoreMedia.framework in Frameworks */ = {isa = PBXBuildFile; fileRef = E74B2154146113F800267DAD /* CoreMedia.framework */; };
		3D4181BF16651769006DC6F4 /* Cocoa.framework in Frameworks */ = {isa = PBXBuildFile; fileRef = E7237A69146112D100E22EA4 /* Cocoa.framework */; };
		3D4181C516651769006DC6F4 /* InfoPlist.strings in Resources */ = {isa = PBXBuildFile; fileRef = 3D4181C316651769006DC6F4 /* InfoPlist.strings */; };
		3D4181CD1665185A006DC6F4 /* SubRip.m in Sources */ = {isa = PBXBuildFile; fileRef = E7237A73146112D100E22EA4 /* SubRip.m */; };
		3D4181CF166518A5006DC6F4 /* AVFoundation.framework in Frameworks */ = {isa = PBXBuildFile; fileRef = 3D4181CE166518A5006DC6F4 /* AVFoundation.framework */; };
		3D4181D0166518AD006DC6F4 /* CoreMedia.framework in Frameworks */ = {isa = PBXBuildFile; fileRef = E74B2154146113F800267DAD /* CoreMedia.framework */; };
		3D4181D1166518B2006DC6F4 /* AVFoundation.framework in Frameworks */ = {isa = PBXBuildFile; fileRef = 3D4181CE166518A5006DC6F4 /* AVFoundation.framework */; };
		3D4181D2166518BB006DC6F4 /* SubRip.h in Headers */ = {isa = PBXBuildFile; fileRef = E7237A72146112D100E22EA4 /* SubRip.h */; settings = {ATTRIBUTES = (Public, ); }; };
		3D4181D3166518C0006DC6F4 /* JXArcCompatibilityMacros.h in Headers */ = {isa = PBXBuildFile; fileRef = 3D41816A166503DC006DC6F4 /* JXArcCompatibilityMacros.h */; settings = {ATTRIBUTES = (Public, ); }; };
		3D4181D61665193B006DC6F4 /* SubRip.framework in Frameworks */ = {isa = PBXBuildFile; fileRef = 3D4181BE16651769006DC6F4 /* SubRip.framework */; };
		3D708B2F1674B05A00AD7DEC /* DTCoreText.h in Headers */ = {isa = PBXBuildFile; fileRef = 3D708B261674B05A00AD7DEC /* DTCoreText.h */; };
		3D708B301674B05A00AD7DEC /* JXSRTElement.h in Headers */ = {isa = PBXBuildFile; fileRef = 3D708B271674B05A00AD7DEC /* JXSRTElement.h */; };
		3D708B311674B05A00AD7DEC /* JXSRTElement.m in Sources */ = {isa = PBXBuildFile; fileRef = 3D708B281674B05A00AD7DEC /* JXSRTElement.m */; };
		3D708B321674B05A00AD7DEC /* JXSRTTagsSupport.h in Headers */ = {isa = PBXBuildFile; fileRef = 3D708B291674B05A00AD7DEC /* JXSRTTagsSupport.h */; };
		3D708B331674B05A00AD7DEC /* NSMutableAttributedString+SRTString.h in Headers */ = {isa = PBXBuildFile; fileRef = 3D708B2A1674B05A00AD7DEC /* NSMutableAttributedString+SRTString.h */; };
		3D708B341674B05A00AD7DEC /* NSMutableAttributedString+SRTString.m in Sources */ = {isa = PBXBuildFile; fileRef = 3D708B2B1674B05A00AD7DEC /* NSMutableAttributedString+SRTString.m */; };
		3D708B351674B05A00AD7DEC /* NSScanner+SRTTags.h in Headers */ = {isa = PBXBuildFile; fileRef = 3D708B2C1674B05A00AD7DEC /* NSScanner+SRTTags.h */; };
		3D708B361674B05A00AD7DEC /* NSScanner+SRTTags.m in Sources */ = {isa = PBXBuildFile; fileRef = 3D708B2D1674B05A00AD7DEC /* NSScanner+SRTTags.m */; };
		3D708B4A1674B07400AD7DEC /* DTColor+HTML.h in Headers */ = {isa = PBXBuildFile; fileRef = 3D708B3A1674B07400AD7DEC /* DTColor+HTML.h */; };
		3D708B4B1674B07400AD7DEC /* DTColor+HTML.m in Sources */ = {isa = PBXBuildFile; fileRef = 3D708B3B1674B07400AD7DEC /* DTColor+HTML.m */; };
		3D708B4C1674B07400AD7DEC /* DTCompatibility.h in Headers */ = {isa = PBXBuildFile; fileRef = 3D708B3C1674B07400AD7DEC /* DTCompatibility.h */; };
		3D708B4D1674B07400AD7DEC /* DTCoreTextConstants.h in Headers */ = {isa = PBXBuildFile; fileRef = 3D708B3D1674B07400AD7DEC /* DTCoreTextConstants.h */; settings = {ATTRIBUTES = (Public, ); }; };
		3D708B4E1674B07400AD7DEC /* DTCoreTextConstants.m in Sources */ = {isa = PBXBuildFile; fileRef = 3D708B3E1674B07400AD7DEC /* DTCoreTextConstants.m */; };
		3D708B4F1674B07400AD7DEC /* DTCoreTextFontDescriptor.h in Headers */ = {isa = PBXBuildFile; fileRef = 3D708B3F1674B07400AD7DEC /* DTCoreTextFontDescriptor.h */; };
		3D708B501674B07400AD7DEC /* DTCoreTextFontDescriptor.m in Sources */ = {isa = PBXBuildFile; fileRef = 3D708B401674B07400AD7DEC /* DTCoreTextFontDescriptor.m */; };
		3D708B511674B07400AD7DEC /* DTCoreTextParagraphStyle.h in Headers */ = {isa = PBXBuildFile; fileRef = 3D708B411674B07400AD7DEC /* DTCoreTextParagraphStyle.h */; };
		3D708B521674B07400AD7DEC /* DTCoreTextParagraphStyle.m in Sources */ = {isa = PBXBuildFile; fileRef = 3D708B421674B07400AD7DEC /* DTCoreTextParagraphStyle.m */; };
		3D708B541674B07400AD7DEC /* NSCharacterSet+HTML.h in Headers */ = {isa = PBXBuildFile; fileRef = 3D708B441674B07400AD7DEC /* NSCharacterSet+HTML.h */; };
		3D708B551674B07400AD7DEC /* NSCharacterSet+HTML.m in Sources */ = {isa = PBXBuildFile; fileRef = 3D708B451674B07400AD7DEC /* NSCharacterSet+HTML.m */; };
		3D708B561674B07400AD7DEC /* NSMutableAttributedString+HTML.h in Headers */ = {isa = PBXBuildFile; fileRef = 3D708B461674B07400AD7DEC /* NSMutableAttributedString+HTML.h */; };
		3D708B571674B07400AD7DEC /* NSMutableAttributedString+HTML.m in Sources */ = {isa = PBXBuildFile; fileRef = 3D708B471674B07400AD7DEC /* NSMutableAttributedString+HTML.m */; };
		3D708B581674B07400AD7DEC /* NSString+HTML.h in Headers */ = {isa = PBXBuildFile; fileRef = 3D708B481674B07400AD7DEC /* NSString+HTML.h */; };
		3D708B591674B07400AD7DEC /* NSString+HTML.m in Sources */ = {isa = PBXBuildFile; fileRef = 3D708B491674B07400AD7DEC /* NSString+HTML.m */; };
		3D708B5C1674B28D00AD7DEC /* ApplicationServices.framework in Frameworks */ = {isa = PBXBuildFile; fileRef = 3D708B5B1674B28D00AD7DEC /* ApplicationServices.framework */; };
		E7237A6A146112D100E22EA4 /* Cocoa.framework in Frameworks */ = {isa = PBXBuildFile; fileRef = E7237A69146112D100E22EA4 /* Cocoa.framework */; };
		E7237A74146112D100E22EA4 /* SubRip.m in Sources */ = {isa = PBXBuildFile; fileRef = E7237A73146112D100E22EA4 /* SubRip.m */; };
		E74B2155146113F800267DAD /* CoreMedia.framework in Frameworks */ = {isa = PBXBuildFile; fileRef = E74B2154146113F800267DAD /* CoreMedia.framework */; };
/* End PBXBuildFile section */

/* Begin PBXContainerItemProxy section */
		3D4181D416651935006DC6F4 /* PBXContainerItemProxy */ = {
			isa = PBXContainerItemProxy;
			containerPortal = E7237A5D146112D100E22EA4 /* Project object */;
			proxyType = 1;
			remoteGlobalIDString = 3D4181BD16651769006DC6F4;
			remoteInfo = SubRip.framework;
		};
/* End PBXContainerItemProxy section */

/* Begin PBXFileReference section */
		3D2635D5169EF3E1004184E3 /* test-missing-trailing-newline.srt */ = {isa = PBXFileReference; fileEncoding = 4; lastKnownFileType = text; path = "test-missing-trailing-newline.srt"; sourceTree = "<group>"; };
		3D2635D6169EF3E1004184E3 /* test-newline.srt */ = {isa = PBXFileReference; fileEncoding = 4; lastKnownFileType = text; path = "test-newline.srt"; sourceTree = "<group>"; };
		3D263605169F21BA004184E3 /* test-malformed.srt */ = {isa = PBXFileReference; fileEncoding = 4; lastKnownFileType = text; path = "test-malformed.srt"; sourceTree = "<group>"; };
		3D41816A166503DC006DC6F4 /* JXArcCompatibilityMacros.h */ = {isa = PBXFileReference; lastKnownFileType = sourcecode.c.h; path = JXArcCompatibilityMacros.h; sourceTree = "<group>"; };
		3D418198166504CF006DC6F4 /* SubRipTest.octest */ = {isa = PBXFileReference; explicitFileType = wrapper.cfbundle; includeInIndex = 0; path = SubRipTest.octest; sourceTree = BUILT_PRODUCTS_DIR; };
		3D418199166504CF006DC6F4 /* SenTestingKit.framework */ = {isa = PBXFileReference; lastKnownFileType = wrapper.framework; name = SenTestingKit.framework; path = Library/Frameworks/SenTestingKit.framework; sourceTree = DEVELOPER_DIR; };
		3D41819E166504CF006DC6F4 /* SubRipTest-Info.plist */ = {isa = PBXFileReference; lastKnownFileType = text.plist.xml; path = "SubRipTest-Info.plist"; sourceTree = "<group>"; };
		3D4181A0166504CF006DC6F4 /* en */ = {isa = PBXFileReference; lastKnownFileType = text.plist.strings; name = en; path = en.lproj/InfoPlist.strings; sourceTree = "<group>"; };
		3D4181A2166504CF006DC6F4 /* SubRipTest.h */ = {isa = PBXFileReference; lastKnownFileType = sourcecode.c.h; path = SubRipTest.h; sourceTree = "<group>"; };
		3D4181A3166504CF006DC6F4 /* SubRipTest.m */ = {isa = PBXFileReference; lastKnownFileType = sourcecode.c.objc; path = SubRipTest.m; sourceTree = "<group>"; };
		3D4181A5166504CF006DC6F4 /* SubRipTest-Prefix.pch */ = {isa = PBXFileReference; lastKnownFileType = sourcecode.c.h; path = "SubRipTest-Prefix.pch"; sourceTree = "<group>"; };
		3D4181AD166506D3006DC6F4 /* test.srt */ = {isa = PBXFileReference; fileEncoding = 4; lastKnownFileType = text; path = test.srt; sourceTree = "<group>"; };
		3D4181BE16651769006DC6F4 /* SubRip.framework */ = {isa = PBXFileReference; explicitFileType = wrapper.framework; includeInIndex = 0; path = SubRip.framework; sourceTree = BUILT_PRODUCTS_DIR; };
		3D4181C216651769006DC6F4 /* SubRip-Info.plist */ = {isa = PBXFileReference; lastKnownFileType = text.plist.xml; path = "SubRip-Info.plist"; sourceTree = "<group>"; };
		3D4181C416651769006DC6F4 /* en */ = {isa = PBXFileReference; lastKnownFileType = text.plist.strings; name = en; path = en.lproj/InfoPlist.strings; sourceTree = "<group>"; };
		3D4181CE166518A5006DC6F4 /* AVFoundation.framework */ = {isa = PBXFileReference; lastKnownFileType = wrapper.framework; name = AVFoundation.framework; path = System/Library/Frameworks/AVFoundation.framework; sourceTree = SDKROOT; };
		3D41820816657676006DC6F4 /* Foundation.framework */ = {isa = PBXFileReference; lastKnownFileType = wrapper.framework; name = Foundation.framework; path = System/Library/Frameworks/Foundation.framework; sourceTree = SDKROOT; };
		3D708B261674B05A00AD7DEC /* DTCoreText.h */ = {isa = PBXFileReference; fileEncoding = 4; lastKnownFileType = sourcecode.c.h; path = DTCoreText.h; sourceTree = "<group>"; };
		3D708B271674B05A00AD7DEC /* JXSRTElement.h */ = {isa = PBXFileReference; fileEncoding = 4; lastKnownFileType = sourcecode.c.h; path = JXSRTElement.h; sourceTree = "<group>"; };
		3D708B281674B05A00AD7DEC /* JXSRTElement.m */ = {isa = PBXFileReference; fileEncoding = 4; lastKnownFileType = sourcecode.c.objc; path = JXSRTElement.m; sourceTree = "<group>"; };
		3D708B291674B05A00AD7DEC /* JXSRTTagsSupport.h */ = {isa = PBXFileReference; fileEncoding = 4; lastKnownFileType = sourcecode.c.h; path = JXSRTTagsSupport.h; sourceTree = "<group>"; };
		3D708B2A1674B05A00AD7DEC /* NSMutableAttributedString+SRTString.h */ = {isa = PBXFileReference; fileEncoding = 4; lastKnownFileType = sourcecode.c.h; path = "NSMutableAttributedString+SRTString.h"; sourceTree = "<group>"; };
		3D708B2B1674B05A00AD7DEC /* NSMutableAttributedString+SRTString.m */ = {isa = PBXFileReference; fileEncoding = 4; lastKnownFileType = sourcecode.c.objc; path = "NSMutableAttributedString+SRTString.m"; sourceTree = "<group>"; };
		3D708B2C1674B05A00AD7DEC /* NSScanner+SRTTags.h */ = {isa = PBXFileReference; fileEncoding = 4; lastKnownFileType = sourcecode.c.h; path = "NSScanner+SRTTags.h"; sourceTree = "<group>"; };
		3D708B2D1674B05A00AD7DEC /* NSScanner+SRTTags.m */ = {isa = PBXFileReference; fileEncoding = 4; lastKnownFileType = sourcecode.c.objc; path = "NSScanner+SRTTags.m"; sourceTree = "<group>"; };
		3D708B3A1674B07400AD7DEC /* DTColor+HTML.h */ = {isa = PBXFileReference; fileEncoding = 4; lastKnownFileType = sourcecode.c.h; path = "DTColor+HTML.h"; sourceTree = "<group>"; };
		3D708B3B1674B07400AD7DEC /* DTColor+HTML.m */ = {isa = PBXFileReference; fileEncoding = 4; lastKnownFileType = sourcecode.c.objc; path = "DTColor+HTML.m"; sourceTree = "<group>"; };
		3D708B3C1674B07400AD7DEC /* DTCompatibility.h */ = {isa = PBXFileReference; fileEncoding = 4; lastKnownFileType = sourcecode.c.h; path = DTCompatibility.h; sourceTree = "<group>"; };
		3D708B3D1674B07400AD7DEC /* DTCoreTextConstants.h */ = {isa = PBXFileReference; fileEncoding = 4; lastKnownFileType = sourcecode.c.h; path = DTCoreTextConstants.h; sourceTree = "<group>"; };
		3D708B3E1674B07400AD7DEC /* DTCoreTextConstants.m */ = {isa = PBXFileReference; fileEncoding = 4; lastKnownFileType = sourcecode.c.objc; path = DTCoreTextConstants.m; sourceTree = "<group>"; };
		3D708B3F1674B07400AD7DEC /* DTCoreTextFontDescriptor.h */ = {isa = PBXFileReference; fileEncoding = 4; lastKnownFileType = sourcecode.c.h; path = DTCoreTextFontDescriptor.h; sourceTree = "<group>"; };
		3D708B401674B07400AD7DEC /* DTCoreTextFontDescriptor.m */ = {isa = PBXFileReference; fileEncoding = 4; lastKnownFileType = sourcecode.c.objc; path = DTCoreTextFontDescriptor.m; sourceTree = "<group>"; };
		3D708B411674B07400AD7DEC /* DTCoreTextParagraphStyle.h */ = {isa = PBXFileReference; fileEncoding = 4; lastKnownFileType = sourcecode.c.h; path = DTCoreTextParagraphStyle.h; sourceTree = "<group>"; };
		3D708B421674B07400AD7DEC /* DTCoreTextParagraphStyle.m */ = {isa = PBXFileReference; fileEncoding = 4; lastKnownFileType = sourcecode.c.objc; path = DTCoreTextParagraphStyle.m; sourceTree = "<group>"; };
		3D708B431674B07400AD7DEC /* LICENSE */ = {isa = PBXFileReference; fileEncoding = 4; lastKnownFileType = text; path = LICENSE; sourceTree = "<group>"; };
		3D708B441674B07400AD7DEC /* NSCharacterSet+HTML.h */ = {isa = PBXFileReference; fileEncoding = 4; lastKnownFileType = sourcecode.c.h; path = "NSCharacterSet+HTML.h"; sourceTree = "<group>"; };
		3D708B451674B07400AD7DEC /* NSCharacterSet+HTML.m */ = {isa = PBXFileReference; fileEncoding = 4; lastKnownFileType = sourcecode.c.objc; path = "NSCharacterSet+HTML.m"; sourceTree = "<group>"; };
		3D708B461674B07400AD7DEC /* NSMutableAttributedString+HTML.h */ = {isa = PBXFileReference; fileEncoding = 4; lastKnownFileType = sourcecode.c.h; path = "NSMutableAttributedString+HTML.h"; sourceTree = "<group>"; };
		3D708B471674B07400AD7DEC /* NSMutableAttributedString+HTML.m */ = {isa = PBXFileReference; fileEncoding = 4; lastKnownFileType = sourcecode.c.objc; path = "NSMutableAttributedString+HTML.m"; sourceTree = "<group>"; };
		3D708B481674B07400AD7DEC /* NSString+HTML.h */ = {isa = PBXFileReference; fileEncoding = 4; lastKnownFileType = sourcecode.c.h; path = "NSString+HTML.h"; sourceTree = "<group>"; };
		3D708B491674B07400AD7DEC /* NSString+HTML.m */ = {isa = PBXFileReference; fileEncoding = 4; lastKnownFileType = sourcecode.c.objc; path = "NSString+HTML.m"; sourceTree = "<group>"; };
		3D708B5B1674B28D00AD7DEC /* ApplicationServices.framework */ = {isa = PBXFileReference; lastKnownFileType = wrapper.framework; name = ApplicationServices.framework; path = System/Library/Frameworks/ApplicationServices.framework; sourceTree = SDKROOT; };
		E7237A66146112D100E22EA4 /* SubRip.dylib */ = {isa = PBXFileReference; explicitFileType = "compiled.mach-o.dylib"; includeInIndex = 0; path = SubRip.dylib; sourceTree = BUILT_PRODUCTS_DIR; };
		E7237A69146112D100E22EA4 /* Cocoa.framework */ = {isa = PBXFileReference; lastKnownFileType = wrapper.framework; name = Cocoa.framework; path = System/Library/Frameworks/Cocoa.framework; sourceTree = SDKROOT; };
		E7237A6C146112D100E22EA4 /* AppKit.framework */ = {isa = PBXFileReference; lastKnownFileType = wrapper.framework; name = AppKit.framework; path = System/Library/Frameworks/AppKit.framework; sourceTree = SDKROOT; };
		E7237A6D146112D100E22EA4 /* CoreData.framework */ = {isa = PBXFileReference; lastKnownFileType = wrapper.framework; name = CoreData.framework; path = System/Library/Frameworks/CoreData.framework; sourceTree = SDKROOT; };
		E7237A6E146112D100E22EA4 /* Foundation.framework */ = {isa = PBXFileReference; lastKnownFileType = wrapper.framework; name = Foundation.framework; path = System/Library/Frameworks/Foundation.framework; sourceTree = SDKROOT; };
		E7237A71146112D100E22EA4 /* SubRip-Prefix.pch */ = {isa = PBXFileReference; lastKnownFileType = sourcecode.c.h; path = "SubRip-Prefix.pch"; sourceTree = "<group>"; };
		E7237A72146112D100E22EA4 /* SubRip.h */ = {isa = PBXFileReference; lastKnownFileType = sourcecode.c.h; path = SubRip.h; sourceTree = "<group>"; usesTabs = 0; };
		E7237A73146112D100E22EA4 /* SubRip.m */ = {isa = PBXFileReference; lastKnownFileType = sourcecode.c.objc; path = SubRip.m; sourceTree = "<group>"; usesTabs = 0; };
		E74B2154146113F800267DAD /* CoreMedia.framework */ = {isa = PBXFileReference; lastKnownFileType = wrapper.framework; name = CoreMedia.framework; path = System/Library/Frameworks/CoreMedia.framework; sourceTree = SDKROOT; };
/* End PBXFileReference section */

/* Begin PBXFrameworksBuildPhase section */
		3D418194166504CF006DC6F4 /* Frameworks */ = {
			isa = PBXFrameworksBuildPhase;
			buildActionMask = 2147483647;
			files = (
				3D4181D61665193B006DC6F4 /* SubRip.framework in Frameworks */,
				3D41819A166504CF006DC6F4 /* SenTestingKit.framework in Frameworks */,
				3D41819B166504CF006DC6F4 /* Cocoa.framework in Frameworks */,
				3D4181AF16650C26006DC6F4 /* CoreMedia.framework in Frameworks */,
			);
			runOnlyForDeploymentPostprocessing = 0;
		};
		3D4181BA16651769006DC6F4 /* Frameworks */ = {
			isa = PBXFrameworksBuildPhase;
			buildActionMask = 2147483647;
			files = (
				3D708B5C1674B28D00AD7DEC /* ApplicationServices.framework in Frameworks */,
				3D4181D1166518B2006DC6F4 /* AVFoundation.framework in Frameworks */,
				3D4181D0166518AD006DC6F4 /* CoreMedia.framework in Frameworks */,
				3D4181BF16651769006DC6F4 /* Cocoa.framework in Frameworks */,
			);
			runOnlyForDeploymentPostprocessing = 0;
		};
		E7237A63146112D100E22EA4 /* Frameworks */ = {
			isa = PBXFrameworksBuildPhase;
			buildActionMask = 2147483647;
			files = (
				3D4181CF166518A5006DC6F4 /* AVFoundation.framework in Frameworks */,
				E74B2155146113F800267DAD /* CoreMedia.framework in Frameworks */,
				E7237A6A146112D100E22EA4 /* Cocoa.framework in Frameworks */,
			);
			runOnlyForDeploymentPostprocessing = 0;
		};
/* End PBXFrameworksBuildPhase section */

/* Begin PBXGroup section */
		3D41819C166504CF006DC6F4 /* SubRipTest */ = {
			isa = PBXGroup;
			children = (
				3D4181A2166504CF006DC6F4 /* SubRipTest.h */,
				3D4181A3166504CF006DC6F4 /* SubRipTest.m */,
				3D41819D166504CF006DC6F4 /* Supporting Files */,
				3D4181AC166506D3006DC6F4 /* Test Files */,
			);
			path = SubRipTest;
			sourceTree = "<group>";
		};
		3D41819D166504CF006DC6F4 /* Supporting Files */ = {
			isa = PBXGroup;
			children = (
				3D41819E166504CF006DC6F4 /* SubRipTest-Info.plist */,
				3D41819F166504CF006DC6F4 /* InfoPlist.strings */,
				3D4181A5166504CF006DC6F4 /* SubRipTest-Prefix.pch */,
			);
			name = "Supporting Files";
			sourceTree = "<group>";
		};
		3D4181AC166506D3006DC6F4 /* Test Files */ = {
			isa = PBXGroup;
			children = (
				3D4181AD166506D3006DC6F4 /* test.srt */,
				3D263605169F21BA004184E3 /* test-malformed.srt */,
				3D2635D5169EF3E1004184E3 /* test-missing-trailing-newline.srt */,
				3D2635D6169EF3E1004184E3 /* test-newline.srt */,
			);
			path = "Test Files";
			sourceTree = "<group>";
		};
		3D708B251674B05A00AD7DEC /* TagSupport */ = {
			isa = PBXGroup;
			children = (
				3D708B291674B05A00AD7DEC /* JXSRTTagsSupport.h */,
				3D708B261674B05A00AD7DEC /* DTCoreText.h */,
				3D708B271674B05A00AD7DEC /* JXSRTElement.h */,
				3D708B281674B05A00AD7DEC /* JXSRTElement.m */,
				3D708B2A1674B05A00AD7DEC /* NSMutableAttributedString+SRTString.h */,
				3D708B2B1674B05A00AD7DEC /* NSMutableAttributedString+SRTString.m */,
				3D708B2C1674B05A00AD7DEC /* NSScanner+SRTTags.h */,
				3D708B2D1674B05A00AD7DEC /* NSScanner+SRTTags.m */,
				3D708B391674B07400AD7DEC /* DTCoreTextSubset */,
			);
			path = TagSupport;
			sourceTree = "<group>";
		};
		3D708B391674B07400AD7DEC /* DTCoreTextSubset */ = {
			isa = PBXGroup;
			children = (
				3D708B3A1674B07400AD7DEC /* DTColor+HTML.h */,
				3D708B3B1674B07400AD7DEC /* DTColor+HTML.m */,
				3D708B3C1674B07400AD7DEC /* DTCompatibility.h */,
				3D708B3D1674B07400AD7DEC /* DTCoreTextConstants.h */,
				3D708B3E1674B07400AD7DEC /* DTCoreTextConstants.m */,
				3D708B3F1674B07400AD7DEC /* DTCoreTextFontDescriptor.h */,
				3D708B401674B07400AD7DEC /* DTCoreTextFontDescriptor.m */,
				3D708B411674B07400AD7DEC /* DTCoreTextParagraphStyle.h */,
				3D708B421674B07400AD7DEC /* DTCoreTextParagraphStyle.m */,
				3D708B441674B07400AD7DEC /* NSCharacterSet+HTML.h */,
				3D708B451674B07400AD7DEC /* NSCharacterSet+HTML.m */,
				3D708B461674B07400AD7DEC /* NSMutableAttributedString+HTML.h */,
				3D708B471674B07400AD7DEC /* NSMutableAttributedString+HTML.m */,
				3D708B481674B07400AD7DEC /* NSString+HTML.h */,
				3D708B491674B07400AD7DEC /* NSString+HTML.m */,
				3D708B431674B07400AD7DEC /* LICENSE */,
			);
			name = DTCoreTextSubset;
			path = External/DTCoreTextSubset;
			sourceTree = SOURCE_ROOT;
		};
		E7237A5B146112D100E22EA4 = {
			isa = PBXGroup;
			children = (
				E7237A6F146112D100E22EA4 /* SubRip */,
				3D41819C166504CF006DC6F4 /* SubRipTest */,
				3D708B251674B05A00AD7DEC /* TagSupport */,
				E7237A68146112D100E22EA4 /* Frameworks */,
				E7237A67146112D100E22EA4 /* Products */,
			);
			sourceTree = "<group>";
		};
		E7237A67146112D100E22EA4 /* Products */ = {
			isa = PBXGroup;
			children = (
				E7237A66146112D100E22EA4 /* SubRip.dylib */,
				3D418198166504CF006DC6F4 /* SubRipTest.octest */,
				3D4181BE16651769006DC6F4 /* SubRip.framework */,
			);
			name = Products;
			sourceTree = "<group>";
		};
		E7237A68146112D100E22EA4 /* Frameworks */ = {
			isa = PBXGroup;
			children = (
				3D4181CE166518A5006DC6F4 /* AVFoundation.framework */,
				3D708B5B1674B28D00AD7DEC /* ApplicationServices.framework */,
				E74B2154146113F800267DAD /* CoreMedia.framework */,
				E7237A69146112D100E22EA4 /* Cocoa.framework */,
				3D418199166504CF006DC6F4 /* SenTestingKit.framework */,
				3D41820816657676006DC6F4 /* Foundation.framework */,
				E7237A6B146112D100E22EA4 /* Other Frameworks */,
			);
			name = Frameworks;
			sourceTree = "<group>";
		};
		E7237A6B146112D100E22EA4 /* Other Frameworks */ = {
			isa = PBXGroup;
			children = (
				E7237A6C146112D100E22EA4 /* AppKit.framework */,
				E7237A6D146112D100E22EA4 /* CoreData.framework */,
				E7237A6E146112D100E22EA4 /* Foundation.framework */,
			);
			name = "Other Frameworks";
			sourceTree = "<group>";
		};
		E7237A6F146112D100E22EA4 /* SubRip */ = {
			isa = PBXGroup;
			children = (
				3D41816A166503DC006DC6F4 /* JXArcCompatibilityMacros.h */,
				E7237A72146112D100E22EA4 /* SubRip.h */,
				E7237A73146112D100E22EA4 /* SubRip.m */,
				E7237A70146112D100E22EA4 /* Supporting Files */,
			);
			path = SubRip;
			sourceTree = "<group>";
		};
		E7237A70146112D100E22EA4 /* Supporting Files */ = {
			isa = PBXGroup;
			children = (
				3D4181C216651769006DC6F4 /* SubRip-Info.plist */,
				3D4181C316651769006DC6F4 /* InfoPlist.strings */,
				E7237A71146112D100E22EA4 /* SubRip-Prefix.pch */,
			);
			name = "Supporting Files";
			sourceTree = "<group>";
		};
/* End PBXGroup section */

/* Begin PBXHeadersBuildPhase section */
		3D4181BB16651769006DC6F4 /* Headers */ = {
			isa = PBXHeadersBuildPhase;
			buildActionMask = 2147483647;
			files = (
				3D4181D3166518C0006DC6F4 /* JXArcCompatibilityMacros.h in Headers */,
				3D4181D2166518BB006DC6F4 /* SubRip.h in Headers */,
				3D708B4D1674B07400AD7DEC /* DTCoreTextConstants.h in Headers */,
				3D708B2F1674B05A00AD7DEC /* DTCoreText.h in Headers */,
				3D708B301674B05A00AD7DEC /* JXSRTElement.h in Headers */,
				3D708B321674B05A00AD7DEC /* JXSRTTagsSupport.h in Headers */,
				3D708B331674B05A00AD7DEC /* NSMutableAttributedString+SRTString.h in Headers */,
				3D708B351674B05A00AD7DEC /* NSScanner+SRTTags.h in Headers */,
				3D708B4A1674B07400AD7DEC /* DTColor+HTML.h in Headers */,
				3D708B4C1674B07400AD7DEC /* DTCompatibility.h in Headers */,
				3D708B4F1674B07400AD7DEC /* DTCoreTextFontDescriptor.h in Headers */,
				3D708B511674B07400AD7DEC /* DTCoreTextParagraphStyle.h in Headers */,
				3D708B541674B07400AD7DEC /* NSCharacterSet+HTML.h in Headers */,
				3D708B561674B07400AD7DEC /* NSMutableAttributedString+HTML.h in Headers */,
				3D708B581674B07400AD7DEC /* NSString+HTML.h in Headers */,
			);
			runOnlyForDeploymentPostprocessing = 0;
		};
		E7237A64146112D100E22EA4 /* Headers */ = {
			isa = PBXHeadersBuildPhase;
			buildActionMask = 2147483647;
			files = (
			);
			runOnlyForDeploymentPostprocessing = 0;
		};
/* End PBXHeadersBuildPhase section */

/* Begin PBXNativeTarget section */
		3D418197166504CF006DC6F4 /* SubRipTest */ = {
			isa = PBXNativeTarget;
			buildConfigurationList = 3D4181A6166504CF006DC6F4 /* Build configuration list for PBXNativeTarget "SubRipTest" */;
			buildPhases = (
				3D418193166504CF006DC6F4 /* Sources */,
				3D418194166504CF006DC6F4 /* Frameworks */,
				3D418195166504CF006DC6F4 /* Resources */,
				3D418196166504CF006DC6F4 /* ShellScript */,
			);
			buildRules = (
			);
			dependencies = (
				3D4181D516651935006DC6F4 /* PBXTargetDependency */,
			);
			name = SubRipTest;
			productName = SubRipTest;
			productReference = 3D418198166504CF006DC6F4 /* SubRipTest.octest */;
			productType = "com.apple.product-type.bundle";
		};
		3D4181BD16651769006DC6F4 /* SubRip.framework */ = {
			isa = PBXNativeTarget;
			buildConfigurationList = 3D4181CA16651769006DC6F4 /* Build configuration list for PBXNativeTarget "SubRip.framework" */;
			buildPhases = (
				3D4181B916651769006DC6F4 /* Sources */,
				3D4181BA16651769006DC6F4 /* Frameworks */,
				3D4181BB16651769006DC6F4 /* Headers */,
				3D4181BC16651769006DC6F4 /* Resources */,
			);
			buildRules = (
			);
			dependencies = (
			);
			name = SubRip.framework;
			productName = SubRip;
			productReference = 3D4181BE16651769006DC6F4 /* SubRip.framework */;
			productType = "com.apple.product-type.framework";
		};
		E7237A65146112D100E22EA4 /* SubRip */ = {
			isa = PBXNativeTarget;
			buildConfigurationList = E7237A77146112D100E22EA4 /* Build configuration list for PBXNativeTarget "SubRip" */;
			buildPhases = (
				E7237A62146112D100E22EA4 /* Sources */,
				E7237A63146112D100E22EA4 /* Frameworks */,
				E7237A64146112D100E22EA4 /* Headers */,
			);
			buildRules = (
			);
			dependencies = (
			);
			name = SubRip;
			productName = SubRip;
			productReference = E7237A66146112D100E22EA4 /* SubRip.dylib */;
			productType = "com.apple.product-type.library.dynamic";
		};
/* End PBXNativeTarget section */

/* Begin PBXProject section */
		E7237A5D146112D100E22EA4 /* Project object */ = {
			isa = PBXProject;
			attributes = {
				LastUpgradeCheck = 0450;
			};
			buildConfigurationList = E7237A60146112D100E22EA4 /* Build configuration list for PBXProject "SubRip" */;
			compatibilityVersion = "Xcode 3.2";
			developmentRegion = English;
			hasScannedForEncodings = 0;
			knownRegions = (
				en,
			);
			mainGroup = E7237A5B146112D100E22EA4;
			productRefGroup = E7237A67146112D100E22EA4 /* Products */;
			projectDirPath = "";
			projectRoot = "";
			targets = (
				E7237A65146112D100E22EA4 /* SubRip */,
				3D4181BD16651769006DC6F4 /* SubRip.framework */,
				3D418197166504CF006DC6F4 /* SubRipTest */,
			);
		};
/* End PBXProject section */

/* Begin PBXResourcesBuildPhase section */
		3D418195166504CF006DC6F4 /* Resources */ = {
			isa = PBXResourcesBuildPhase;
			buildActionMask = 2147483647;
			files = (
				3D4181A1166504CF006DC6F4 /* InfoPlist.strings in Resources */,
				3D4181AE166506D3006DC6F4 /* test.srt in Resources */,
				3D2635D7169EF3E1004184E3 /* test-missing-trailing-newline.srt in Resources */,
				3D2635D8169EF3E1004184E3 /* test-newline.srt in Resources */,
				3D263606169F21BA004184E3 /* test-malformed.srt in Resources */,
			);
			runOnlyForDeploymentPostprocessing = 0;
		};
		3D4181BC16651769006DC6F4 /* Resources */ = {
			isa = PBXResourcesBuildPhase;
			buildActionMask = 2147483647;
			files = (
				3D4181C516651769006DC6F4 /* InfoPlist.strings in Resources */,
			);
			runOnlyForDeploymentPostprocessing = 0;
		};
/* End PBXResourcesBuildPhase section */

/* Begin PBXShellScriptBuildPhase section */
		3D418196166504CF006DC6F4 /* ShellScript */ = {
			isa = PBXShellScriptBuildPhase;
			buildActionMask = 2147483647;
			files = (
			);
			inputPaths = (
			);
			outputPaths = (
			);
			runOnlyForDeploymentPostprocessing = 0;
			shellPath = /bin/sh;
			shellScript = "# Run the unit tests in this test bundle.\n\"${SYSTEM_DEVELOPER_DIR}/Tools/RunUnitTests\"\n";
		};
/* End PBXShellScriptBuildPhase section */

/* Begin PBXSourcesBuildPhase section */
		3D418193166504CF006DC6F4 /* Sources */ = {
			isa = PBXSourcesBuildPhase;
			buildActionMask = 2147483647;
			files = (
				3D4181A4166504CF006DC6F4 /* SubRipTest.m in Sources */,
			);
			runOnlyForDeploymentPostprocessing = 0;
		};
		3D4181B916651769006DC6F4 /* Sources */ = {
			isa = PBXSourcesBuildPhase;
			buildActionMask = 2147483647;
			files = (
				3D4181CD1665185A006DC6F4 /* SubRip.m in Sources */,
				3D708B311674B05A00AD7DEC /* JXSRTElement.m in Sources */,
				3D708B341674B05A00AD7DEC /* NSMutableAttributedString+SRTString.m in Sources */,
				3D708B361674B05A00AD7DEC /* NSScanner+SRTTags.m in Sources */,
				3D708B4B1674B07400AD7DEC /* DTColor+HTML.m in Sources */,
				3D708B4E1674B07400AD7DEC /* DTCoreTextConstants.m in Sources */,
				3D708B501674B07400AD7DEC /* DTCoreTextFontDescriptor.m in Sources */,
				3D708B521674B07400AD7DEC /* DTCoreTextParagraphStyle.m in Sources */,
				3D708B551674B07400AD7DEC /* NSCharacterSet+HTML.m in Sources */,
				3D708B571674B07400AD7DEC /* NSMutableAttributedString+HTML.m in Sources */,
				3D708B591674B07400AD7DEC /* NSString+HTML.m in Sources */,
			);
			runOnlyForDeploymentPostprocessing = 0;
		};
		E7237A62146112D100E22EA4 /* Sources */ = {
			isa = PBXSourcesBuildPhase;
			buildActionMask = 2147483647;
			files = (
				E7237A74146112D100E22EA4 /* SubRip.m in Sources */,
			);
			runOnlyForDeploymentPostprocessing = 0;
		};
/* End PBXSourcesBuildPhase section */

/* Begin PBXTargetDependency section */
		3D4181D516651935006DC6F4 /* PBXTargetDependency */ = {
			isa = PBXTargetDependency;
			target = 3D4181BD16651769006DC6F4 /* SubRip.framework */;
			targetProxy = 3D4181D416651935006DC6F4 /* PBXContainerItemProxy */;
		};
/* End PBXTargetDependency section */

/* Begin PBXVariantGroup section */
		3D41819F166504CF006DC6F4 /* InfoPlist.strings */ = {
			isa = PBXVariantGroup;
			children = (
				3D4181A0166504CF006DC6F4 /* en */,
			);
			name = InfoPlist.strings;
			sourceTree = "<group>";
		};
		3D4181C316651769006DC6F4 /* InfoPlist.strings */ = {
			isa = PBXVariantGroup;
			children = (
				3D4181C416651769006DC6F4 /* en */,
			);
			name = InfoPlist.strings;
			sourceTree = "<group>";
		};
/* End PBXVariantGroup section */

/* Begin XCBuildConfiguration section */
		3D4181A7166504CF006DC6F4 /* Debug */ = {
			isa = XCBuildConfiguration;
			buildSettings = {
				CLANG_CXX_LANGUAGE_STANDARD = "gnu++0x";
				CLANG_WARN__DUPLICATE_METHOD_MATCH = YES;
				COMBINE_HIDPI_IMAGES = YES;
				FRAMEWORK_SEARCH_PATHS = "\"$(DEVELOPER_LIBRARY_DIR)/Frameworks\"";
				GCC_PRECOMPILE_PREFIX_HEADER = YES;
				GCC_PREFIX_HEADER = "SubRipTest/SubRipTest-Prefix.pch";
				GCC_PREPROCESSOR_DEFINITIONS = (
					"SUBRIP_TAG_SUPPORT=1",
					"SUBRIP_SUBVIEWER_SUPPORT=1",
					"$(inherited)",
				);
				GCC_WARN_UNINITIALIZED_AUTOS = YES;
				INFOPLIST_FILE = "SubRipTest/SubRipTest-Info.plist";
				PRODUCT_NAME = "$(TARGET_NAME)";
				WRAPPER_EXTENSION = octest;
			};
			name = Debug;
		};
		3D4181A8166504CF006DC6F4 /* Release */ = {
			isa = XCBuildConfiguration;
			buildSettings = {
				CLANG_CXX_LANGUAGE_STANDARD = "gnu++0x";
				CLANG_WARN__DUPLICATE_METHOD_MATCH = YES;
				COMBINE_HIDPI_IMAGES = YES;
				FRAMEWORK_SEARCH_PATHS = "\"$(DEVELOPER_LIBRARY_DIR)/Frameworks\"";
				GCC_PRECOMPILE_PREFIX_HEADER = YES;
				GCC_PREFIX_HEADER = "SubRipTest/SubRipTest-Prefix.pch";
				GCC_PREPROCESSOR_DEFINITIONS = (
					"SUBRIP_TAG_SUPPORT=1",
					"SUBRIP_SUBVIEWER_SUPPORT=1",
				);
				GCC_WARN_UNINITIALIZED_AUTOS = YES;
				INFOPLIST_FILE = "SubRipTest/SubRipTest-Info.plist";
				PRODUCT_NAME = "$(TARGET_NAME)";
				WRAPPER_EXTENSION = octest;
			};
			name = Release;
		};
		3D4181CB16651769006DC6F4 /* Debug */ = {
			isa = XCBuildConfiguration;
			buildSettings = {
				DYLIB_COMPATIBILITY_VERSION = 1;
				DYLIB_CURRENT_VERSION = 1;
				FRAMEWORK_VERSION = A;
				GCC_PRECOMPILE_PREFIX_HEADER = YES;
				GCC_PREFIX_HEADER = "SubRip/SubRip-Prefix.pch";
				GCC_PREPROCESSOR_DEFINITIONS = (
					"SUBRIP_TAG_SUPPORT=1",
					"SUBRIP_SUBVIEWER_SUPPORT=1",
					"$(inherited)",
				);
				INFOPLIST_FILE = "SubRip/SubRip-Info.plist";
				INSTALL_PATH = "@rpath";
				PRODUCT_NAME = SubRip;
				WRAPPER_EXTENSION = framework;
			};
			name = Debug;
		};
		3D4181CC16651769006DC6F4 /* Release */ = {
			isa = XCBuildConfiguration;
			buildSettings = {
				DYLIB_COMPATIBILITY_VERSION = 1;
				DYLIB_CURRENT_VERSION = 1;
				FRAMEWORK_VERSION = A;
				GCC_PRECOMPILE_PREFIX_HEADER = YES;
				GCC_PREFIX_HEADER = "SubRip/SubRip-Prefix.pch";
				GCC_PREPROCESSOR_DEFINITIONS = (
					"SUBRIP_TAG_SUPPORT=1",
					"SUBRIP_SUBVIEWER_SUPPORT=1",
				);
				INFOPLIST_FILE = "SubRip/SubRip-Info.plist";
				INSTALL_PATH = "@rpath";
				PRODUCT_NAME = SubRip;
				WRAPPER_EXTENSION = framework;
			};
			name = Release;
		};
		E7237A75146112D100E22EA4 /* Debug */ = {
			isa = XCBuildConfiguration;
			buildSettings = {
				ALWAYS_SEARCH_USER_PATHS = NO;
				ARCHS = "$(ARCHS_STANDARD_64_BIT)";
				CLANG_ENABLE_OBJC_ARC = YES;
				CLANG_WARN__DUPLICATE_METHOD_MATCH = YES;
				COPY_PHASE_STRIP = NO;
				GCC_C_LANGUAGE_STANDARD = gnu99;
				GCC_DYNAMIC_NO_PIC = NO;
				GCC_ENABLE_OBJC_EXCEPTIONS = YES;
				GCC_OPTIMIZATION_LEVEL = 0;
				GCC_PREPROCESSOR_DEFINITIONS = (
					"DEBUG=1",
					"$(inherited)",
				);
				GCC_SYMBOLS_PRIVATE_EXTERN = NO;
				GCC_VERSION = com.apple.compilers.llvm.clang.1_0;
				GCC_WARN_64_TO_32_BIT_CONVERSION = YES;
				GCC_WARN_ABOUT_MISSING_PROTOTYPES = NO;
				GCC_WARN_ABOUT_RETURN_TYPE = YES;
				GCC_WARN_UNUSED_VARIABLE = YES;
				MACOSX_DEPLOYMENT_TARGET = 10.7;
				ONLY_ACTIVE_ARCH = YES;
				SDKROOT = macosx10.7;
			};
			name = Debug;
		};
		E7237A76146112D100E22EA4 /* Release */ = {
			isa = XCBuildConfiguration;
			buildSettings = {
				ALWAYS_SEARCH_USER_PATHS = NO;
				ARCHS = "$(ARCHS_STANDARD_64_BIT)";
				CLANG_ENABLE_OBJC_ARC = YES;
				CLANG_WARN__DUPLICATE_METHOD_MATCH = YES;
				COPY_PHASE_STRIP = YES;
				DEBUG_INFORMATION_FORMAT = "dwarf-with-dsym";
				GCC_C_LANGUAGE_STANDARD = gnu99;
				GCC_ENABLE_OBJC_EXCEPTIONS = YES;
				GCC_VERSION = com.apple.compilers.llvm.clang.1_0;
				GCC_WARN_64_TO_32_BIT_CONVERSION = YES;
				GCC_WARN_ABOUT_MISSING_PROTOTYPES = NO;
				GCC_WARN_ABOUT_RETURN_TYPE = YES;
				GCC_WARN_UNUSED_VARIABLE = YES;
				MACOSX_DEPLOYMENT_TARGET = 10.7;
				SDKROOT = macosx10.7;
			};
			name = Release;
		};
		E7237A78146112D100E22EA4 /* Debug */ = {
			isa = XCBuildConfiguration;
			buildSettings = {
				DYLIB_COMPATIBILITY_VERSION = 1;
				DYLIB_CURRENT_VERSION = 1;
				GCC_PRECOMPILE_PREFIX_HEADER = YES;
				GCC_PREFIX_HEADER = "SubRip/SubRip-Prefix.pch";
				PRODUCT_NAME = "$(TARGET_NAME)";
			};
			name = Debug;
		};
		E7237A79146112D100E22EA4 /* Release */ = {
			isa = XCBuildConfiguration;
			buildSettings = {
				DYLIB_COMPATIBILITY_VERSION = 1;
				DYLIB_CURRENT_VERSION = 1;
				GCC_PRECOMPILE_PREFIX_HEADER = YES;
				GCC_PREFIX_HEADER = "SubRip/SubRip-Prefix.pch";
				PRODUCT_NAME = "$(TARGET_NAME)";
			};
			name = Release;
		};
/* End XCBuildConfiguration section */

/* Begin XCConfigurationList section */
		3D4181A6166504CF006DC6F4 /* Build configuration list for PBXNativeTarget "SubRipTest" */ = {
			isa = XCConfigurationList;
			buildConfigurations = (
				3D4181A7166504CF006DC6F4 /* Debug */,
				3D4181A8166504CF006DC6F4 /* Release */,
			);
			defaultConfigurationIsVisible = 0;
			defaultConfigurationName = Release;
		};
		3D4181CA16651769006DC6F4 /* Build configuration list for PBXNativeTarget "SubRip.framework" */ = {
			isa = XCConfigurationList;
			buildConfigurations = (
				3D4181CB16651769006DC6F4 /* Debug */,
				3D4181CC16651769006DC6F4 /* Release */,
			);
			defaultConfigurationIsVisible = 0;
			defaultConfigurationName = Release;
		};
		E7237A60146112D100E22EA4 /* Build configuration list for PBXProject "SubRip" */ = {
			isa = XCConfigurationList;
			buildConfigurations = (
				E7237A75146112D100E22EA4 /* Debug */,
				E7237A76146112D100E22EA4 /* Release */,
			);
			defaultConfigurationIsVisible = 0;
			defaultConfigurationName = Release;
		};
		E7237A77146112D100E22EA4 /* Build configuration list for PBXNativeTarget "SubRip" */ = {
			isa = XCConfigurationList;
			buildConfigurations = (
				E7237A78146112D100E22EA4 /* Debug */,
				E7237A79146112D100E22EA4 /* Release */,
			);
			defaultConfigurationIsVisible = 0;
			defaultConfigurationName = Release;
		};
/* End XCConfigurationList section */
	};
	rootObject = E7237A5D146112D100E22EA4 /* Project object */;
}
